resolved_at: 2026-02-08T22:19:08.024Z
project_slug: fullstack-example
packs:
  - id: notes-ops
    source: ./packs/notes-ops
    ref: 3e75cd95300eee96b745ce71aef6d4720a9bb8d2
    pack_version: 1
effective:
  agents_count: 4
  teams_count: 2
  routes_count: 2
  profiles_count: 0
  agents_hash: "25235129"
  teams_hash: 55b40034
  chat_hash: 3c688725
