resolved_at: 2026-05-05T17:54:37.653Z
project_slug: fstack
packs:
  - id: notes-ops
    source: ./packs/notes-ops
    ref: 8b352e62d3c417ff66999d9e49cf30f28b79e8a2
    pack_version: 1
  - id: software-factory
    source: ../eve-software-factory
    ref: 517ebbae1df965c1235fabc810e43802f4696d4a
    pack_version: 1
effective:
  agents_count: 8
  teams_count: 3
  routes_count: 3
  profiles_count: 5
  agents_hash: 6ac18a18
  teams_hash: 6660768d
  chat_hash: 3e490cc0
